
Microsoft Visual Studio Solution File, Format Version 12.00
# Visual Studio Version 16
VisualStudioVersion = 16.0.31019.35
MinimumVisualStudioVersion = 10.0.40219.1
Project("{FAE04EC0-301F-11D3-BF4B-00C04F79EFBC}") = "DevTest", "DevTest\DevTest.csproj", "{725EE380-1CEF-4502-9BB9-5B8E781AE921}"
EndProject
Global
	GlobalSection(SolutionConfigurationPlatforms) = preSolution
		Debug|Any CPU = Debug|Any CPU
		Release|Any CPU = Release|Any CPU
	EndGlobalSection
	GlobalSection(ProjectConfigurationPlatforms) = postSolution
		{725EE380-1CEF-4502-9BB9-5B8E781AE921}.Debug|Any CPU.ActiveCfg = Debug|Any CPU
		{725EE380-1CEF-4502-9BB9-5B8E781AE921}.Debug|Any CPU.Build.0 = Debug|Any CPU
		{725EE380-1CEF-4502-9BB9-5B8E781AE921}.Release|Any CPU.ActiveCfg = Release|Any CPU
		{725EE380-1CEF-4502-9BB9-5B8E781AE921}.Release|Any CPU.Build.0 = Release|Any CPU
	EndGlobalSection
	GlobalSection(SolutionProperties) = preSolution
		HideSolutionNode = FALSE
	EndGlobalSection
	GlobalSection(ExtensibilityGlobals) = postSolution
		SolutionGuid = {8BD4A72E-B130-4BFF-B9EA-6D0B0E47C903}
	EndGlobalSection
EndGlobal
